
Microsoft Visual Studio Solution File, Format Version 12.00
# Visual Studio Version 16
VisualStudioVersion = 16.0.29709.97
MinimumVisualStudioVersion = 10.0.40219.1
Project("{FAE04EC0-301F-11D3-BF4B-00C04F79EFBC}") = "EDMITest", "EDMITest\EDMITest.csproj", "{99AD197B-ABD2-4A7C-BDCB-0E1822219FCA}"
EndProject
Global
	GlobalSection(SolutionConfigurationPlatforms) = preSolution
		Debug|Any CPU = Debug|Any CPU
		Release|Any CPU = Release|Any CPU
	EndGlobalSection
	GlobalSection(ProjectConfigurationPlatforms) = postSolution
		{99AD197B-ABD2-4A7C-BDCB-0E1822219FCA}.Debug|Any CPU.ActiveCfg = Debug|Any CPU
		{99AD197B-ABD2-4A7C-BDCB-0E1822219FCA}.Debug|Any CPU.Build.0 = Debug|Any CPU
		{99AD197B-ABD2-4A7C-BDCB-0E1822219FCA}.Release|Any CPU.ActiveCfg = Release|Any CPU
		{99AD197B-ABD2-4A7C-BDCB-0E1822219FCA}.Release|Any CPU.Build.0 = Release|Any CPU
	EndGlobalSection
	GlobalSection(SolutionProperties) = preSolution
		HideSolutionNode = FALSE
	EndGlobalSection
	GlobalSection(ExtensibilityGlobals) = postSolution
		SolutionGuid = {505E0821-57CA-445E-B906-C4FD1D07E43A}
	EndGlobalSection
EndGlobal
